
Microsoft Visual Studio Solution File, Format Version 12.00
# Visual Studio Version 16
VisualStudioVersion = 16.0.30413.136
MinimumVisualStudioVersion = 10.0.40219.1
Project("{FAE04EC0-301F-11D3-BF4B-00C04F79EFBC}") = "Auto", "Auto\Auto.csproj", "{B6C54C46-C250-4D25-8856-A61E9E150CB6}"
EndProject
Global
	GlobalSection(SolutionConfigurationPlatforms) = preSolution
		Debug|Any CPU = Debug|Any CPU
		Release|Any CPU = Release|Any CPU
	EndGlobalSection
	GlobalSection(ProjectConfigurationPlatforms) = postSolution
		{B6C54C46-C250-4D25-8856-A61E9E150CB6}.Debug|Any CPU.ActiveCfg = Debug|Any CPU
		{B6C54C46-C250-4D25-8856-A61E9E150CB6}.Debug|Any CPU.Build.0 = Debug|Any CPU
		{B6C54C46-C250-4D25-8856-A61E9E150CB6}.Release|Any CPU.ActiveCfg = Release|Any CPU
		{B6C54C46-C250-4D25-8856-A61E9E150CB6}.Release|Any CPU.Build.0 = Release|Any CPU
	EndGlobalSection
	GlobalSection(SolutionProperties) = preSolution
		HideSolutionNode = FALSE
	EndGlobalSection
	GlobalSection(ExtensibilityGlobals) = postSolution
		SolutionGuid = {3620BFAD-457E-46FD-8FA7-7767CAD33ADC}
	EndGlobalSection
EndGlobal
